// !$*UTF8*$!
{
	archiveVersion = 1;
	classes = {
	};
	objectVersion = 46;
	objects = {

/* Begin PBXBuildFile section */
		60F32ACD1D37D8D900DE4177 /* main.m in Sources */ = {isa = PBXBuildFile; fileRef = 60F32ACC1D37D8D900DE4177 /* main.m */; };
		60F32AD01D37D8D900DE4177 /* AppDelegate.m in Sources */ = {isa = PBXBuildFile; fileRef = 60F32ACF1D37D8D900DE4177 /* AppDelegate.m */; };
		60F32AD31D37D8D900DE4177 /* ViewController.m in Sources */ = {isa = PBXBuildFile; fileRef = 60F32AD21D37D8D900DE4177 /* ViewController.m */; };
		60F32AD61D37D8D900DE4177 /* Main.storyboard in Resources */ = {isa = PBXBuildFile; fileRef = 60F32AD41D37D8D900DE4177 /* Main.storyboard */; };
		60F32AD81D37D8D900DE4177 /* Assets.xcassets in Resources */ = {isa = PBXBuildFile; fileRef = 60F32AD71D37D8D900DE4177 /* Assets.xcassets */; };
		60F32ADB1D37D8D900DE4177 /* LaunchScreen.storyboard in Resources */ = {isa = PBXBuildFile; fileRef = 60F32AD91D37D8D900DE4177 /* LaunchScreen.storyboard */; };
/* End PBXBuildFile section */

/* Begin PBXFileReference section */
		60F32AC81D37D8D900DE4177 /* iCustomGUI.app */ = {isa = PBXFileReference; explicitFileType = wrapper.application; includeInIndex = 0; path = iCustomGUI.app; sourceTree = BUILT_PRODUCTS_DIR; };
		60F32ACC1D37D8D900DE4177 /* main.m */ = {isa = PBXFileReference; lastKnownFileType = sourcecode.c.objc; path = main.m; sourceTree = "<group>"; };
		60F32ACE1D37D8D900DE4177 /* AppDelegate.h */ = {isa = PBXFileReference; lastKnownFileType = sourcecode.c.h; path = AppDelegate.h; sourceTree = "<group>"; };
		60F32ACF1D37D8D900DE4177 /* AppDelegate.m */ = {isa = PBXFileReference; lastKnownFileType = sourcecode.c.objc; path = AppDelegate.m; sourceTree = "<group>"; };
		60F32AD11D37D8D900DE4177 /* ViewController.h */ = {isa = PBXFileReference; lastKnownFileType = sourcecode.c.h; path = ViewController.h; sourceTree = "<group>"; };
		60F32AD21D37D8D900DE4177 /* ViewController.m */ = {isa = PBXFileReference; lastKnownFileType = sourcecode.c.objc; path = ViewController.m; sourceTree = "<group>"; };
		60F32AD51D37D8D900DE4177 /* Base */ = {isa = PBXFileReference; lastKnownFileType = file.storyboard; name = Base; path = Base.lproj/Main.storyboard; sourceTree = "<group>"; };
		60F32AD71D37D8D900DE4177 /* Assets.xcassets */ = {isa = PBXFileReference; lastKnownFileType = folder.assetcatalog; path = Assets.xcassets; sourceTree = "<group>"; };
		60F32ADA1D37D8D900DE4177 /* Base */ = {isa = PBXFileReference; lastKnownFileType = file.storyboard; name = Base; path = Base.lproj/LaunchScreen.storyboard; sourceTree = "<group>"; };
		60F32ADC1D37D8D900DE4177 /* Info.plist */ = {isa = PBXFileReference; lastKnownFileType = text.plist.xml; path = Info.plist; sourceTree = "<group>"; };
/* End PBXFileReference section */

/* Begin PBXFrameworksBuildPhase section */
		60F32AC51D37D8D900DE4177 /* Frameworks */ = {
			isa = PBXFrameworksBuildPhase;
			buildActionMask = 2147483647;
			files = (
			);
			runOnlyForDeploymentPostprocessing = 0;
		};
/* End PBXFrameworksBuildPhase section */

/* Begin PBXGroup section */
		60F32ABF1D37D8D900DE4177 = {
			isa = PBXGroup;
			children = (
				60F32ACA1D37D8D900DE4177 /* iCustomGUI */,
				60F32AC91D37D8D900DE4177 /* Products */,
			);
			sourceTree = "<group>";
		};
		60F32AC91D37D8D900DE4177 /* Products */ = {
			isa = PBXGroup;
			children = (
				60F32AC81D37D8D900DE4177 /* iCustomGUI.app */,
			);
			name = Products;
			sourceTree = "<group>";
		};
		60F32ACA1D37D8D900DE4177 /* iCustomGUI */ = {
			isa = PBXGroup;
			children = (
				60F32ACE1D37D8D900DE4177 /* AppDelegate.h */,
				60F32ACF1D37D8D900DE4177 /* AppDelegate.m */,
				60F32AD11D37D8D900DE4177 /* ViewController.h */,
				60F32AD21D37D8D900DE4177 /* ViewController.m */,
				60F32AD41D37D8D900DE4177 /* Main.storyboard */,
				60F32AD71D37D8D900DE4177 /* Assets.xcassets */,
				60F32AD91D37D8D900DE4177 /* LaunchScreen.storyboard */,
				60F32ADC1D37D8D900DE4177 /* Info.plist */,
				60F32ACB1D37D8D900DE4177 /* Supporting Files */,
			);
			path = iCustomGUI;
			sourceTree = "<group>";
		};
		60F32ACB1D37D8D900DE4177 /* Supporting Files */ = {
			isa = PBXGroup;
			children = (
				60F32ACC1D37D8D900DE4177 /* main.m */,
			);
			name = "Supporting Files";
			sourceTree = "<group>";
		};
/* End PBXGroup section */

/* Begin PBXNativeTarget section */
		60F32AC71D37D8D900DE4177 /* iCustomGUI */ = {
			isa = PBXNativeTarget;
			buildConfigurationList = 60F32ADF1D37D8D900DE4177 /* Build configuration list for PBXNativeTarget "iCustomGUI" */;
			buildPhases = (
				60F32AC41D37D8D900DE4177 /* Sources */,
				60F32AC51D37D8D900DE4177 /* Frameworks */,
				60F32AC61D37D8D900DE4177 /* Resources */,
			);
			buildRules = (
			);
			dependencies = (
			);
			name = iCustomGUI;
			productName = iCustomGUI;
			productReference = 60F32AC81D37D8D900DE4177 /* iCustomGUI.app */;
			productType = "com.apple.product-type.application";
		};
/* End PBXNativeTarget section */

/* Begin PBXProject section */
		60F32AC01D37D8D900DE4177 /* Project object */ = {
			isa = PBXProject;
			attributes = {
				LastUpgradeCheck = 0730;
				ORGANIZATIONNAME = "Bui Duc Khanh";
				TargetAttributes = {
					60F32AC71D37D8D900DE4177 = {
						CreatedOnToolsVersion = 7.3.1;
					};
				};
			};
			buildConfigurationList = 60F32AC31D37D8D900DE4177 /* Build configuration list for PBXProject "iCustomGUI" */;
			compatibilityVersion = "Xcode 3.2";
			developmentRegion = English;
			hasScannedForEncodings = 0;
			knownRegions = (
				en,
				Base,
			);
			mainGroup = 60F32ABF1D37D8D900DE4177;
			productRefGroup = 60F32AC91D37D8D900DE4177 /* Products */;
			projectDirPath = "";
			projectRoot = "";
			targets = (
				60F32AC71D37D8D900DE4177 /* iCustomGUI */,
			);
		};
/* End PBXProject section */

/* Begin PBXResourcesBuildPhase section */
		60F32AC61D37D8D900DE4177 /* Resources */ = {
			isa = PBXResourcesBuildPhase;
			buildActionMask = 2147483647;
			files = (
				60F32ADB1D37D8D900DE4177 /* LaunchScreen.storyboard in Resources */,
				60F32AD81D37D8D900DE4177 /* Assets.xcassets in Resources */,
				60F32AD61D37D8D900DE4177 /* Main.storyboard in Resources */,
			);
			runOnlyForDeploymentPostprocessing = 0;
		};
/* End PBXResourcesBuildPhase section */

/* Begin PBXSourcesBuildPhase section */
		60F32AC41D37D8D900DE4177 /* Sources */ = {
			isa = PBXSourcesBuildPhase;
			buildActionMask = 2147483647;
			files = (
				60F32AD31D37D8D900DE4177 /* ViewController.m in Sources */,
				60F32AD01D37D8D900DE4177 /* AppDelegate.m in Sources */,
				60F32ACD1D37D8D900DE4177 /* main.m in Sources */,
			);
			runOnlyForDeploymentPostprocessing = 0;
		};
/* End PBXSourcesBuildPhase section */

/* Begin PBXVariantGroup section */
		60F32AD41D37D8D900DE4177 /* Main.storyboard */ = {
			isa = PBXVariantGroup;
			children = (
				60F32AD51D37D8D900DE4177 /* Base */,
			);
			name = Main.storyboard;
			sourceTree = "<group>";
		};
		60F32AD91D37D8D900DE4177 /* LaunchScreen.storyboard */ = {
			isa = PBXVariantGroup;
			children = (
				60F32ADA1D37D8D900DE4177 /* Base */,
			);
			name = LaunchScreen.storyboard;
			sourceTree = "<group>";
		};
/* End PBXVariantGroup section */

/* Begin XCBuildConfiguration section */
		60F32ADD1D37D8D900DE4177 /* Debug */ = {
			isa = XCBuildConfiguration;
			buildSettings = {
				ALWAYS_SEARCH_USER_PATHS = NO;
				CLANG_ANALYZER_NONNULL = YES;
				CLANG_CXX_LANGUAGE_STANDARD = "gnu++0x";
				CLANG_CXX_LIBRARY = "libc++";
				CLANG_ENABLE_MODULES = YES;
				CLANG_ENABLE_OBJC_ARC = YES;
				CLANG_WARN_BOOL_CONVERSION = YES;
				CLANG_WARN_CONSTANT_CONVERSION = YES;
				CLANG_WARN_DIRECT_OBJC_ISA_USAGE = YES_ERROR;
				CLANG_WARN_EMPTY_BODY = YES;
				CLANG_WARN_ENUM_CONVERSION = YES;
				CLANG_WARN_INT_CONVERSION = YES;
				CLANG_WARN_OBJC_ROOT_CLASS = YES_ERROR;
				CLANG_WARN_UNREACHABLE_CODE = YES;
				CLANG_WARN__DUPLICATE_METHOD_MATCH = YES;
				"CODE_SIGN_IDENTITY[sdk=iphoneos*]" = "iPhone Developer";
				COPY_PHASE_STRIP = NO;
				DEBUG_INFORMATION_FORMAT = dwarf;
				ENABLE_STRICT_OBJC_MSGSEND = YES;
				ENABLE_TESTABILITY = YES;
				GCC_C_LANGUAGE_STANDARD = gnu99;
				GCC_DYNAMIC_NO_PIC = NO;
				GCC_NO_COMMON_BLOCKS = YES;
				GCC_OPTIMIZATION_LEVEL = 0;
				GCC_PREPROCESSOR_DEFINITIONS = (
					"DEBUG=1",
					"$(inherited)",
				);
				GCC_WARN_64_TO_32_BIT_CONVERSION = YES;
				GCC_WARN_ABOUT_RETURN_TYPE = YES_ERROR;
				GCC_WARN_UNDECLARED_SELECTOR = YES;
				GCC_WARN_UNINITIALIZED_AUTOS = YES_AGGRESSIVE;
				GCC_WARN_UNUSED_FUNCTION = YES;
				GCC_WARN_UNUSED_VARIABLE = YES;
				IPHONEOS_DEPLOYMENT_TARGET = 9.3;
				MTL_ENABLE_DEBUG_INFO = YES;
				ONLY_ACTIVE_ARCH = YES;
				SDKROOT = iphoneos;
			};
			name = Debug;
		};
		60F32ADE1D37D8D900DE4177 /* Release */ = {
			isa = XCBuildConfiguration;
			buildSettings = {
				ALWAYS_SEARCH_USER_PATHS = NO;
				CLANG_ANALYZER_NONNULL = YES;
				CLANG_CXX_LANGUAGE_STANDARD = "gnu++0x";
				CLANG_CXX_LIBRARY = "libc++";
				CLANG_ENABLE_MODULES = YES;
				CLANG_ENABLE_OBJC_ARC = YES;
				CLANG_WARN_BOOL_CONVERSION = YES;
				CLANG_WARN_CONSTANT_CONVERSION = YES;
				CLANG_WARN_DIRECT_OBJC_ISA_USAGE = YES_ERROR;
				CLANG_WARN_EMPTY_BODY = YES;
				CLANG_WARN_ENUM_CONVERSION = YES;
				CLANG_WARN_INT_CONVERSION = YES;
				CLANG_WARN_OBJC_ROOT_CLASS = YES_ERROR;
				CLANG_WARN_UNREACHABLE_CODE = YES;
				CLANG_WARN__DUPLICATE_METHOD_MATCH = YES;
				"CODE_SIGN_IDENTITY[sdk=iphoneos*]" = "iPhone Developer";
				COPY_PHASE_STRIP = NO;
				DEBUG_INFORMATION_FORMAT = "dwarf-with-dsym";
				ENABLE_NS_ASSERTIONS = NO;
				ENABLE_STRICT_OBJC_MSGSEND = YES;
				GCC_C_LANGUAGE_STANDARD = gnu99;
				GCC_NO_COMMON_BLOCKS = YES;
				GCC_WARN_64_TO_32_BIT_CONVERSION = YES;
				GCC_WARN_ABOUT_RETURN_TYPE = YES_ERROR;
				GCC_WARN_UNDECLARED_SELECTOR = YES;
				GCC_WARN_UNINITIALIZED_AUTOS = YES_AGGRESSIVE;
				GCC_WARN_UNUSED_FUNCTION = YES;
				GCC_WARN_UNUSED_VARIABLE = YES;
				IPHONEOS_DEPLOYMENT_TARGET = 9.3;
				MTL_ENABLE_DEBUG_INFO = NO;
				SDKROOT = iphoneos;
				VALIDATE_PRODUCT = YES;
			};
			name = Release;
		};
		60F32AE01D37D8D900DE4177 /* Debug */ = {
			isa = XCBuildConfiguration;
			buildSettings = {
				ASSETCATALOG_COMPILER_APPICON_NAME = AppIcon;
				INFOPLIST_FILE = iCustomGUI/Info.plist;
				LD_RUNPATH_SEARCH_PATHS = "$(inherited) @executable_path/Frameworks";
				PRODUCT_BUNDLE_IDENTIFIER = vn.khanhbd.iCustomGUI;
				PRODUCT_NAME = "$(TARGET_NAME)";
			};
			name = Debug;
		};
		60F32AE11D37D8D900DE4177 /* Release */ = {
			isa = XCBuildConfiguration;
			buildSettings = {
				ASSETCATALOG_COMPILER_APPICON_NAME = AppIcon;
				INFOPLIST_FILE = iCustomGUI/Info.plist;
				LD_RUNPATH_SEARCH_PATHS = "$(inherited) @executable_path/Frameworks";
				PRODUCT_BUNDLE_IDENTIFIER = vn.khanhbd.iCustomGUI;
				PRODUCT_NAME = "$(TARGET_NAME)";
			};
			name = Release;
		};
/* End XCBuildConfiguration section */

/* Begin XCConfigurationList section */
		60F32AC31D37D8D900DE4177 /* Build configuration list for PBXProject "iCustomGUI" */ = {
			isa = XCConfigurationList;
			buildConfigurations = (
				60F32ADD1D37D8D900DE4177 /* Debug */,
				60F32ADE1D37D8D900DE4177 /* Release */,
			);
			defaultConfigurationIsVisible = 0;
			defaultConfigurationName = Release;
		};
		60F32ADF1D37D8D900DE4177 /* Build configuration list for PBXNativeTarget "iCustomGUI" */ = {
			isa = XCConfigurationList;
			buildConfigurations = (
				60F32AE01D37D8D900DE4177 /* Debug */,
				60F32AE11D37D8D900DE4177 /* Release */,
			);
			defaultConfigurationIsVisible = 0;
		};
/* End XCConfigurationList section */
	};
	rootObject = 60F32AC01D37D8D900DE4177 /* Project object */;
}
